// !$*UTF8*$!
{
	archiveVersion = 1;
	classes = {
	};
	objectVersion = 50;
	objects = {

/* Begin PBXBuildFile section */
		D58C12B62504E36300B866D2 /* AppDelegate.swift in Sources */ = {isa = PBXBuildFile; fileRef = D58C12B52504E36300B866D2 /* AppDelegate.swift */; };
		D58C12B82504E36300B866D2 /* SceneDelegate.swift in Sources */ = {isa = PBXBuildFile; fileRef = D58C12B72504E36300B866D2 /* SceneDelegate.swift */; };
		D58C12BA2504E36300B866D2 /* ViewController.swift in Sources */ = {isa = PBXBuildFile; fileRef = D58C12B92504E36300B866D2 /* ViewController.swift */; };
		D58C12BD2504E36300B866D2 /* Main.storyboard in Resources */ = {isa = PBXBuildFile; fileRef = D58C12BB2504E36300B866D2 /* Main.storyboard */; };
		D58C12BF2504E36600B866D2 /* Assets.xcassets in Resources */ = {isa = PBXBuildFile; fileRef = D58C12BE2504E36600B866D2 /* Assets.xcassets */; };
		D58C12C22504E36600B866D2 /* LaunchScreen.storyboard in Resources */ = {isa = PBXBuildFile; fileRef = D58C12C02504E36600B866D2 /* LaunchScreen.storyboard */; };
		D58C12CD2504E36600B866D2 /* MentorBook200906Tests.swift in Sources */ = {isa = PBXBuildFile; fileRef = D58C12CC2504E36600B866D2 /* MentorBook200906Tests.swift */; };
		D58C12D82504E36600B866D2 /* MentorBook200906UITests.swift in Sources */ = {isa = PBXBuildFile; fileRef = D58C12D72504E36600B866D2 /* MentorBook200906UITests.swift */; };
		D58C12E92504E3A600B866D2 /* ryo.jpg in Resources */ = {isa = PBXBuildFile; fileRef = D58C12E62504E3A600B866D2 /* ryo.jpg */; };
		D58C12EA2504E3A600B866D2 /* nagata.jpg in Resources */ = {isa = PBXBuildFile; fileRef = D58C12E72504E3A600B866D2 /* nagata.jpg */; };
		D58C12EB2504E3A600B866D2 /* taithi.jpg in Resources */ = {isa = PBXBuildFile; fileRef = D58C12E82504E3A600B866D2 /* taithi.jpg */; };
		D58C12EF2504E55900B866D2 /* Mentors.swift in Sources */ = {isa = PBXBuildFile; fileRef = D58C12EE2504E55800B866D2 /* Mentors.swift */; };
/* End PBXBuildFile section */

/* Begin PBXContainerItemProxy section */
		D58C12C92504E36600B866D2 /* PBXContainerItemProxy */ = {
			isa = PBXContainerItemProxy;
			containerPortal = D58C12AA2504E36300B866D2 /* Project object */;
			proxyType = 1;
			remoteGlobalIDString = D58C12B12504E36300B866D2;
			remoteInfo = MentorBook200906;
		};
		D58C12D42504E36600B866D2 /* PBXContainerItemProxy */ = {
			isa = PBXContainerItemProxy;
			containerPortal = D58C12AA2504E36300B866D2 /* Project object */;
			proxyType = 1;
			remoteGlobalIDString = D58C12B12504E36300B866D2;
			remoteInfo = MentorBook200906;
		};
/* End PBXContainerItemProxy section */

/* Begin PBXFileReference section */
		D58C12B22504E36300B866D2 /* MentorBook200906.app */ = {isa = PBXFileReference; explicitFileType = wrapper.application; includeInIndex = 0; path = MentorBook200906.app; sourceTree = BUILT_PRODUCTS_DIR; };
		D58C12B52504E36300B866D2 /* AppDelegate.swift */ = {isa = PBXFileReference; lastKnownFileType = sourcecode.swift; path = AppDelegate.swift; sourceTree = "<group>"; };
		D58C12B72504E36300B866D2 /* SceneDelegate.swift */ = {isa = PBXFileReference; lastKnownFileType = sourcecode.swift; path = SceneDelegate.swift; sourceTree = "<group>"; };
		D58C12B92504E36300B866D2 /* ViewController.swift */ = {isa = PBXFileReference; lastKnownFileType = sourcecode.swift; path = ViewController.swift; sourceTree = "<group>"; };
		D58C12BC2504E36300B866D2 /* Base */ = {isa = PBXFileReference; lastKnownFileType = file.storyboard; name = Base; path = Base.lproj/Main.storyboard; sourceTree = "<group>"; };
		D58C12BE2504E36600B866D2 /* Assets.xcassets */ = {isa = PBXFileReference; lastKnownFileType = folder.assetcatalog; path = Assets.xcassets; sourceTree = "<group>"; };
		D58C12C12504E36600B866D2 /* Base */ = {isa = PBXFileReference; lastKnownFileType = file.storyboard; name = Base; path = Base.lproj/LaunchScreen.storyboard; sourceTree = "<group>"; };
		D58C12C32504E36600B866D2 /* Info.plist */ = {isa = PBXFileReference; lastKnownFileType = text.plist.xml; path = Info.plist; sourceTree = "<group>"; };
		D58C12C82504E36600B866D2 /* MentorBook200906Tests.xctest */ = {isa = PBXFileReference; explicitFileType = wrapper.cfbundle; includeInIndex = 0; path = MentorBook200906Tests.xctest; sourceTree = BUILT_PRODUCTS_DIR; };
		D58C12CC2504E36600B866D2 /* MentorBook200906Tests.swift */ = {isa = PBXFileReference; lastKnownFileType = sourcecode.swift; path = MentorBook200906Tests.swift; sourceTree = "<group>"; };
		D58C12CE2504E36600B866D2 /* Info.plist */ = {isa = PBXFileReference; lastKnownFileType = text.plist.xml; path = Info.plist; sourceTree = "<group>"; };
		D58C12D32504E36600B866D2 /* MentorBook200906UITests.xctest */ = {isa = PBXFileReference; explicitFileType = wrapper.cfbundle; includeInIndex = 0; path = MentorBook200906UITests.xctest; sourceTree = BUILT_PRODUCTS_DIR; };
		D58C12D72504E36600B866D2 /* MentorBook200906UITests.swift */ = {isa = PBXFileReference; lastKnownFileType = sourcecode.swift; path = MentorBook200906UITests.swift; sourceTree = "<group>"; };
		D58C12D92504E36600B866D2 /* Info.plist */ = {isa = PBXFileReference; lastKnownFileType = text.plist.xml; path = Info.plist; sourceTree = "<group>"; };
		D58C12E62504E3A600B866D2 /* ryo.jpg */ = {isa = PBXFileReference; lastKnownFileType = image.jpeg; path = ryo.jpg; sourceTree = "<group>"; };
		D58C12E72504E3A600B866D2 /* nagata.jpg */ = {isa = PBXFileReference; lastKnownFileType = image.jpeg; path = nagata.jpg; sourceTree = "<group>"; };
		D58C12E82504E3A600B866D2 /* taithi.jpg */ = {isa = PBXFileReference; lastKnownFileType = image.jpeg; path = taithi.jpg; sourceTree = "<group>"; };
		D58C12EE2504E55800B866D2 /* Mentors.swift */ = {isa = PBXFileReference; lastKnownFileType = sourcecode.swift; path = Mentors.swift; sourceTree = "<group>"; };
/* End PBXFileReference section */

/* Begin PBXFrameworksBuildPhase section */
		D58C12AF2504E36300B866D2 /* Frameworks */ = {
			isa = PBXFrameworksBuildPhase;
			buildActionMask = 2147483647;
			files = (
			);
			runOnlyForDeploymentPostprocessing = 0;
		};
		D58C12C52504E36600B866D2 /* Frameworks */ = {
			isa = PBXFrameworksBuildPhase;
			buildActionMask = 2147483647;
			files = (
			);
			runOnlyForDeploymentPostprocessing = 0;
		};
		D58C12D02504E36600B866D2 /* Frameworks */ = {
			isa = PBXFrameworksBuildPhase;
			buildActionMask = 2147483647;
			files = (
			);
			runOnlyForDeploymentPostprocessing = 0;
		};
/* End PBXFrameworksBuildPhase section */

/* Begin PBXGroup section */
		D58C12A92504E36300B866D2 = {
			isa = PBXGroup;
			children = (
				D58C12B42504E36300B866D2 /* MentorBook200906 */,
				D58C12CB2504E36600B866D2 /* MentorBook200906Tests */,
				D58C12D62504E36600B866D2 /* MentorBook200906UITests */,
				D58C12B32504E36300B866D2 /* Products */,
			);
			sourceTree = "<group>";
		};
		D58C12B32504E36300B866D2 /* Products */ = {
			isa = PBXGroup;
			children = (
				D58C12B22504E36300B866D2 /* MentorBook200906.app */,
				D58C12C82504E36600B866D2 /* MentorBook200906Tests.xctest */,
				D58C12D32504E36600B866D2 /* MentorBook200906UITests.xctest */,
			);
			name = Products;
			sourceTree = "<group>";
		};
		D58C12B42504E36300B866D2 /* MentorBook200906 */ = {
			isa = PBXGroup;
			children = (
				D58C12E52504E3A600B866D2 /* images */,
				D58C12B52504E36300B866D2 /* AppDelegate.swift */,
				D58C12B72504E36300B866D2 /* SceneDelegate.swift */,
				D58C12B92504E36300B866D2 /* ViewController.swift */,
				D58C12BB2504E36300B866D2 /* Main.storyboard */,
				D58C12BE2504E36600B866D2 /* Assets.xcassets */,
				D58C12C02504E36600B866D2 /* LaunchScreen.storyboard */,
				D58C12C32504E36600B866D2 /* Info.plist */,
				D58C12EE2504E55800B866D2 /* Mentors.swift */,
			);
			path = MentorBook200906;
			sourceTree = "<group>";
		};
		D58C12CB2504E36600B866D2 /* MentorBook200906Tests */ = {
			isa = PBXGroup;
			children = (
				D58C12CC2504E36600B866D2 /* MentorBook200906Tests.swift */,
				D58C12CE2504E36600B866D2 /* Info.plist */,
			);
			path = MentorBook200906Tests;
			sourceTree = "<group>";
		};
		D58C12D62504E36600B866D2 /* MentorBook200906UITests */ = {
			isa = PBXGroup;
			children = (
				D58C12D72504E36600B866D2 /* MentorBook200906UITests.swift */,
				D58C12D92504E36600B866D2 /* Info.plist */,
			);
			path = MentorBook200906UITests;
			sourceTree = "<group>";
		};
		D58C12E52504E3A600B866D2 /* images */ = {
			isa = PBXGroup;
			children = (
				D58C12E62504E3A600B866D2 /* ryo.jpg */,
				D58C12E72504E3A600B866D2 /* nagata.jpg */,
				D58C12E82504E3A600B866D2 /* taithi.jpg */,
			);
			path = images;
			sourceTree = "<group>";
		};
/* End PBXGroup section */

/* Begin PBXNativeTarget section */
		D58C12B12504E36300B866D2 /* MentorBook200906 */ = {
			isa = PBXNativeTarget;
			buildConfigurationList = D58C12DC2504E36600B866D2 /* Build configuration list for PBXNativeTarget "MentorBook200906" */;
			buildPhases = (
				D58C12AE2504E36300B866D2 /* Sources */,
				D58C12AF2504E36300B866D2 /* Frameworks */,
				D58C12B02504E36300B866D2 /* Resources */,
			);
			buildRules = (
			);
			dependencies = (
			);
			name = MentorBook200906;
			productName = MentorBook200906;
			productReference = D58C12B22504E36300B866D2 /* MentorBook200906.app */;
			productType = "com.apple.product-type.application";
		};
		D58C12C72504E36600B866D2 /* MentorBook200906Tests */ = {
			isa = PBXNativeTarget;
			buildConfigurationList = D58C12DF2504E36600B866D2 /* Build configuration list for PBXNativeTarget "MentorBook200906Tests" */;
			buildPhases = (
				D58C12C42504E36600B866D2 /* Sources */,
				D58C12C52504E36600B866D2 /* Frameworks */,
				D58C12C62504E36600B866D2 /* Resources */,
			);
			buildRules = (
			);
			dependencies = (
				D58C12CA2504E36600B866D2 /* PBXTargetDependency */,
			);
			name = MentorBook200906Tests;
			productName = MentorBook200906Tests;
			productReference = D58C12C82504E36600B866D2 /* MentorBook200906Tests.xctest */;
			productType = "com.apple.product-type.bundle.unit-test";
		};
		D58C12D22504E36600B866D2 /* MentorBook200906UITests */ = {
			isa = PBXNativeTarget;
			buildConfigurationList = D58C12E22504E36600B866D2 /* Build configuration list for PBXNativeTarget "MentorBook200906UITests" */;
			buildPhases = (
				D58C12CF2504E36600B866D2 /* Sources */,
				D58C12D02504E36600B866D2 /* Frameworks */,
				D58C12D12504E36600B866D2 /* Resources */,
			);
			buildRules = (
			);
			dependencies = (
				D58C12D52504E36600B866D2 /* PBXTargetDependency */,
			);
			name = MentorBook200906UITests;
			productName = MentorBook200906UITests;
			productReference = D58C12D32504E36600B866D2 /* MentorBook200906UITests.xctest */;
			productType = "com.apple.product-type.bundle.ui-testing";
		};
/* End PBXNativeTarget section */

/* Begin PBXProject section */
		D58C12AA2504E36300B866D2 /* Project object */ = {
			isa = PBXProject;
			attributes = {
				LastSwiftUpdateCheck = 1160;
				LastUpgradeCheck = 1160;
				ORGANIZATIONNAME = "Shinya ";
				TargetAttributes = {
					D58C12B12504E36300B866D2 = {
						CreatedOnToolsVersion = 11.6;
					};
					D58C12C72504E36600B866D2 = {
						CreatedOnToolsVersion = 11.6;
						TestTargetID = D58C12B12504E36300B866D2;
					};
					D58C12D22504E36600B866D2 = {
						CreatedOnToolsVersion = 11.6;
						TestTargetID = D58C12B12504E36300B866D2;
					};
				};
			};
			buildConfigurationList = D58C12AD2504E36300B866D2 /* Build configuration list for PBXProject "MentorBook200906" */;
			compatibilityVersion = "Xcode 9.3";
			developmentRegion = en;
			hasScannedForEncodings = 0;
			knownRegions = (
				en,
				Base,
			);
			mainGroup = D58C12A92504E36300B866D2;
			productRefGroup = D58C12B32504E36300B866D2 /* Products */;
			projectDirPath = "";
			projectRoot = "";
			targets = (
				D58C12B12504E36300B866D2 /* MentorBook200906 */,
				D58C12C72504E36600B866D2 /* MentorBook200906Tests */,
				D58C12D22504E36600B866D2 /* MentorBook200906UITests */,
			);
		};
/* End PBXProject section */

/* Begin PBXResourcesBuildPhase section */
		D58C12B02504E36300B866D2 /* Resources */ = {
			isa = PBXResourcesBuildPhase;
			buildActionMask = 2147483647;
			files = (
				D58C12EB2504E3A600B866D2 /* taithi.jpg in Resources */,
				D58C12E92504E3A600B866D2 /* ryo.jpg in Resources */,
				D58C12EA2504E3A600B866D2 /* nagata.jpg in Resources */,
				D58C12C22504E36600B866D2 /* LaunchScreen.storyboard in Resources */,
				D58C12BF2504E36600B866D2 /* Assets.xcassets in Resources */,
				D58C12BD2504E36300B866D2 /* Main.storyboard in Resources */,
			);
			runOnlyForDeploymentPostprocessing = 0;
		};
		D58C12C62504E36600B866D2 /* Resources */ = {
			isa = PBXResourcesBuildPhase;
			buildActionMask = 2147483647;
			files = (
			);
			runOnlyForDeploymentPostprocessing = 0;
		};
		D58C12D12504E36600B866D2 /* Resources */ = {
			isa = PBXResourcesBuildPhase;
			buildActionMask = 2147483647;
			files = (
			);
			runOnlyForDeploymentPostprocessing = 0;
		};
/* End PBXResourcesBuildPhase section */

/* Begin PBXSourcesBuildPhase section */
		D58C12AE2504E36300B866D2 /* Sources */ = {
			isa = PBXSourcesBuildPhase;
			buildActionMask = 2147483647;
			files = (
				D58C12EF2504E55900B866D2 /* Mentors.swift in Sources */,
				D58C12BA2504E36300B866D2 /* ViewController.swift in Sources */,
				D58C12B62504E36300B866D2 /* AppDelegate.swift in Sources */,
				D58C12B82504E36300B866D2 /* SceneDelegate.swift in Sources */,
			);
			runOnlyForDeploymentPostprocessing = 0;
		};
		D58C12C42504E36600B866D2 /* Sources */ = {
			isa = PBXSourcesBuildPhase;
			buildActionMask = 2147483647;
			files = (
				D58C12CD2504E36600B866D2 /* MentorBook200906Tests.swift in Sources */,
			);
			runOnlyForDeploymentPostprocessing = 0;
		};
		D58C12CF2504E36600B866D2 /* Sources */ = {
			isa = PBXSourcesBuildPhase;
			buildActionMask = 2147483647;
			files = (
				D58C12D82504E36600B866D2 /* MentorBook200906UITests.swift in Sources */,
			);
			runOnlyForDeploymentPostprocessing = 0;
		};
/* End PBXSourcesBuildPhase section */

/* Begin PBXTargetDependency section */
		D58C12CA2504E36600B866D2 /* PBXTargetDependency */ = {
			isa = PBXTargetDependency;
			target = D58C12B12504E36300B866D2 /* MentorBook200906 */;
			targetProxy = D58C12C92504E36600B866D2 /* PBXContainerItemProxy */;
		};
		D58C12D52504E36600B866D2 /* PBXTargetDependency */ = {
			isa = PBXTargetDependency;
			target = D58C12B12504E36300B866D2 /* MentorBook200906 */;
			targetProxy = D58C12D42504E36600B866D2 /* PBXContainerItemProxy */;
		};
/* End PBXTargetDependency section */

/* Begin PBXVariantGroup section */
		D58C12BB2504E36300B866D2 /* Main.storyboard */ = {
			isa = PBXVariantGroup;
			children = (
				D58C12BC2504E36300B866D2 /* Base */,
			);
			name = Main.storyboard;
			sourceTree = "<group>";
		};
		D58C12C02504E36600B866D2 /* LaunchScreen.storyboard */ = {
			isa = PBXVariantGroup;
			children = (
				D58C12C12504E36600B866D2 /* Base */,
			);
			name = LaunchScreen.storyboard;
			sourceTree = "<group>";
		};
/* End PBXVariantGroup section */

/* Begin XCBuildConfiguration section */
		D58C12DA2504E36600B866D2 /* Debug */ = {
			isa = XCBuildConfiguration;
			buildSettings = {
				ALWAYS_SEARCH_USER_PATHS = NO;
				CLANG_ANALYZER_NONNULL = YES;
				CLANG_ANALYZER_NUMBER_OBJECT_CONVERSION = YES_AGGRESSIVE;
				CLANG_CXX_LANGUAGE_STANDARD = "gnu++14";
				CLANG_CXX_LIBRARY = "libc++";
				CLANG_ENABLE_MODULES = YES;
				CLANG_ENABLE_OBJC_ARC = YES;
				CLANG_ENABLE_OBJC_WEAK = YES;
				CLANG_WARN_BLOCK_CAPTURE_AUTORELEASING = YES;
				CLANG_WARN_BOOL_CONVERSION = YES;
				CLANG_WARN_COMMA = YES;
				CLANG_WARN_CONSTANT_CONVERSION = YES;
				CLANG_WARN_DEPRECATED_OBJC_IMPLEMENTATIONS = YES;
				CLANG_WARN_DIRECT_OBJC_ISA_USAGE = YES_ERROR;
				CLANG_WARN_DOCUMENTATION_COMMENTS = YES;
				CLANG_WARN_EMPTY_BODY = YES;
				CLANG_WARN_ENUM_CONVERSION = YES;
				CLANG_WARN_INFINITE_RECURSION = YES;
				CLANG_WARN_INT_CONVERSION = YES;
				CLANG_WARN_NON_LITERAL_NULL_CONVERSION = YES;
				CLANG_WARN_OBJC_IMPLICIT_RETAIN_SELF = YES;
				CLANG_WARN_OBJC_LITERAL_CONVERSION = YES;
				CLANG_WARN_OBJC_ROOT_CLASS = YES_ERROR;
				CLANG_WARN_RANGE_LOOP_ANALYSIS = YES;
				CLANG_WARN_STRICT_PROTOTYPES = YES;
				CLANG_WARN_SUSPICIOUS_MOVE = YES;
				CLANG_WARN_UNGUARDED_AVAILABILITY = YES_AGGRESSIVE;
				CLANG_WARN_UNREACHABLE_CODE = YES;
				CLANG_WARN__DUPLICATE_METHOD_MATCH = YES;
				COPY_PHASE_STRIP = NO;
				DEBUG_INFORMATION_FORMAT = dwarf;
				ENABLE_STRICT_OBJC_MSGSEND = YES;
				ENABLE_TESTABILITY = YES;
				GCC_C_LANGUAGE_STANDARD = gnu11;
				GCC_DYNAMIC_NO_PIC = NO;
				GCC_NO_COMMON_BLOCKS = YES;
				GCC_OPTIMIZATION_LEVEL = 0;
				GCC_PREPROCESSOR_DEFINITIONS = (
					"DEBUG=1",
					"$(inherited)",
				);
				GCC_WARN_64_TO_32_BIT_CONVERSION = YES;
				GCC_WARN_ABOUT_RETURN_TYPE = YES_ERROR;
				GCC_WARN_UNDECLARED_SELECTOR = YES;
				GCC_WARN_UNINITIALIZED_AUTOS = YES_AGGRESSIVE;
				GCC_WARN_UNUSED_FUNCTION = YES;
				GCC_WARN_UNUSED_VARIABLE = YES;
				IPHONEOS_DEPLOYMENT_TARGET = 13.6;
				MTL_ENABLE_DEBUG_INFO = INCLUDE_SOURCE;
				MTL_FAST_MATH = YES;
				ONLY_ACTIVE_ARCH = YES;
				SDKROOT = iphoneos;
				SWIFT_ACTIVE_COMPILATION_CONDITIONS = DEBUG;
				SWIFT_OPTIMIZATION_LEVEL = "-Onone";
			};
			name = Debug;
		};
		D58C12DB2504E36600B866D2 /* Release */ = {
			isa = XCBuildConfiguration;
			buildSettings = {
				ALWAYS_SEARCH_USER_PATHS = NO;
				CLANG_ANALYZER_NONNULL = YES;
				CLANG_ANALYZER_NUMBER_OBJECT_CONVERSION = YES_AGGRESSIVE;
				CLANG_CXX_LANGUAGE_STANDARD = "gnu++14";
				CLANG_CXX_LIBRARY = "libc++";
				CLANG_ENABLE_MODULES = YES;
				CLANG_ENABLE_OBJC_ARC = YES;
				CLANG_ENABLE_OBJC_WEAK = YES;
				CLANG_WARN_BLOCK_CAPTURE_AUTORELEASING = YES;
				CLANG_WARN_BOOL_CONVERSION = YES;
				CLANG_WARN_COMMA = YES;
				CLANG_WARN_CONSTANT_CONVERSION = YES;
				CLANG_WARN_DEPRECATED_OBJC_IMPLEMENTATIONS = YES;
				CLANG_WARN_DIRECT_OBJC_ISA_USAGE = YES_ERROR;
				CLANG_WARN_DOCUMENTATION_COMMENTS = YES;
				CLANG_WARN_EMPTY_BODY = YES;
				CLANG_WARN_ENUM_CONVERSION = YES;
				CLANG_WARN_INFINITE_RECURSION = YES;
				CLANG_WARN_INT_CONVERSION = YES;
				CLANG_WARN_NON_LITERAL_NULL_CONVERSION = YES;
				CLANG_WARN_OBJC_IMPLICIT_RETAIN_SELF = YES;
				CLANG_WARN_OBJC_LITERAL_CONVERSION = YES;
				CLANG_WARN_OBJC_ROOT_CLASS = YES_ERROR;
				CLANG_WARN_RANGE_LOOP_ANALYSIS = YES;
				CLANG_WARN_STRICT_PROTOTYPES = YES;
				CLANG_WARN_SUSPICIOUS_MOVE = YES;
				CLANG_WARN_UNGUARDED_AVAILABILITY = YES_AGGRESSIVE;
				CLANG_WARN_UNREACHABLE_CODE = YES;
				CLANG_WARN__DUPLICATE_METHOD_MATCH = YES;
				COPY_PHASE_STRIP = NO;
				DEBUG_INFORMATION_FORMAT = "dwarf-with-dsym";
				ENABLE_NS_ASSERTIONS = NO;
				ENABLE_STRICT_OBJC_MSGSEND = YES;
				GCC_C_LANGUAGE_STANDARD = gnu11;
				GCC_NO_COMMON_BLOCKS = YES;
				GCC_WARN_64_TO_32_BIT_CONVERSION = YES;
				GCC_WARN_ABOUT_RETURN_TYPE = YES_ERROR;
				GCC_WARN_UNDECLARED_SELECTOR = YES;
				GCC_WARN_UNINITIALIZED_AUTOS = YES_AGGRESSIVE;
				GCC_WARN_UNUSED_FUNCTION = YES;
				GCC_WARN_UNUSED_VARIABLE = YES;
				IPHONEOS_DEPLOYMENT_TARGET = 13.6;
				MTL_ENABLE_DEBUG_INFO = NO;
				MTL_FAST_MATH = YES;
				SDKROOT = iphoneos;
				SWIFT_COMPILATION_MODE = wholemodule;
				SWIFT_OPTIMIZATION_LEVEL = "-O";
				VALIDATE_PRODUCT = YES;
			};
			name = Release;
		};
		D58C12DD2504E36600B866D2 /* Debug */ = {
			isa = XCBuildConfiguration;
			buildSettings = {
				ASSETCATALOG_COMPILER_APPICON_NAME = AppIcon;
				CODE_SIGN_STYLE = Automatic;
				INFOPLIST_FILE = MentorBook200906/Info.plist;
				LD_RUNPATH_SEARCH_PATHS = (
					"$(inherited)",
					"@executable_path/Frameworks",
				);
				PRODUCT_BUNDLE_IDENTIFIER = "Shinya-Inomata.MentorBook200906";
				PRODUCT_NAME = "$(TARGET_NAME)";
				SWIFT_VERSION = 5.0;
				TARGETED_DEVICE_FAMILY = "1,2";
			};
			name = Debug;
		};
		D58C12DE2504E36600B866D2 /* Release */ = {
			isa = XCBuildConfiguration;
			buildSettings = {
				ASSETCATALOG_COMPILER_APPICON_NAME = AppIcon;
				CODE_SIGN_STYLE = Automatic;
				INFOPLIST_FILE = MentorBook200906/Info.plist;
				LD_RUNPATH_SEARCH_PATHS = (
					"$(inherited)",
					"@executable_path/Frameworks",
				);
				PRODUCT_BUNDLE_IDENTIFIER = "Shinya-Inomata.MentorBook200906";
				PRODUCT_NAME = "$(TARGET_NAME)";
				SWIFT_VERSION = 5.0;
				TARGETED_DEVICE_FAMILY = "1,2";
			};
			name = Release;
		};
		D58C12E02504E36600B866D2 /* Debug */ = {
			isa = XCBuildConfiguration;
			buildSettings = {
				ALWAYS_EMBED_SWIFT_STANDARD_LIBRARIES = YES;
				BUNDLE_LOADER = "$(TEST_HOST)";
				CODE_SIGN_STYLE = Automatic;
				INFOPLIST_FILE = MentorBook200906Tests/Info.plist;
				IPHONEOS_DEPLOYMENT_TARGET = 13.6;
				LD_RUNPATH_SEARCH_PATHS = (
					"$(inherited)",
					"@executable_path/Frameworks",
					"@loader_path/Frameworks",
				);
				PRODUCT_BUNDLE_IDENTIFIER = "Shinya-Inomata.MentorBook200906Tests";
				PRODUCT_NAME = "$(TARGET_NAME)";
				SWIFT_VERSION = 5.0;
				TARGETED_DEVICE_FAMILY = "1,2";
				TEST_HOST = "$(BUILT_PRODUCTS_DIR)/MentorBook200906.app/MentorBook200906";
			};
			name = Debug;
		};
		D58C12E12504E36600B866D2 /* Release */ = {
			isa = XCBuildConfiguration;
			buildSettings = {
				ALWAYS_EMBED_SWIFT_STANDARD_LIBRARIES = YES;
				BUNDLE_LOADER = "$(TEST_HOST)";
				CODE_SIGN_STYLE = Automatic;
				INFOPLIST_FILE = MentorBook200906Tests/Info.plist;
				IPHONEOS_DEPLOYMENT_TARGET = 13.6;
				LD_RUNPATH_SEARCH_PATHS = (
					"$(inherited)",
					"@executable_path/Frameworks",
					"@loader_path/Frameworks",
				);
				PRODUCT_BUNDLE_IDENTIFIER = "Shinya-Inomata.MentorBook200906Tests";
				PRODUCT_NAME = "$(TARGET_NAME)";
				SWIFT_VERSION = 5.0;
				TARGETED_DEVICE_FAMILY = "1,2";
				TEST_HOST = "$(BUILT_PRODUCTS_DIR)/MentorBook200906.app/MentorBook200906";
			};
			name = Release;
		};
		D58C12E32504E36600B866D2 /* Debug */ = {
			isa = XCBuildConfiguration;
			buildSettings = {
				ALWAYS_EMBED_SWIFT_STANDARD_LIBRARIES = YES;
				CODE_SIGN_STYLE = Automatic;
				INFOPLIST_FILE = MentorBook200906UITests/Info.plist;
				LD_RUNPATH_SEARCH_PATHS = (
					"$(inherited)",
					"@executable_path/Frameworks",
					"@loader_path/Frameworks",
				);
				PRODUCT_BUNDLE_IDENTIFIER = "Shinya-Inomata.MentorBook200906UITests";
				PRODUCT_NAME = "$(TARGET_NAME)";
				SWIFT_VERSION = 5.0;
				TARGETED_DEVICE_FAMILY = "1,2";
				TEST_TARGET_NAME = MentorBook200906;
			};
			name = Debug;
		};
		D58C12E42504E36600B866D2 /* Release */ = {
			isa = XCBuildConfiguration;
			buildSettings = {
				ALWAYS_EMBED_SWIFT_STANDARD_LIBRARIES = YES;
				CODE_SIGN_STYLE = Automatic;
				INFOPLIST_FILE = MentorBook200906UITests/Info.plist;
				LD_RUNPATH_SEARCH_PATHS = (
					"$(inherited)",
					"@executable_path/Frameworks",
					"@loader_path/Frameworks",
				);
				PRODUCT_BUNDLE_IDENTIFIER = "Shinya-Inomata.MentorBook200906UITests";
				PRODUCT_NAME = "$(TARGET_NAME)";
				SWIFT_VERSION = 5.0;
				TARGETED_DEVICE_FAMILY = "1,2";
				TEST_TARGET_NAME = MentorBook200906;
			};
			name = Release;
		};
/* End XCBuildConfiguration section */

/* Begin XCConfigurationList section */
		D58C12AD2504E36300B866D2 /* Build configuration list for PBXProject "MentorBook200906" */ = {
			isa = XCConfigurationList;
			buildConfigurations = (
				D58C12DA2504E36600B866D2 /* Debug */,
				D58C12DB2504E36600B866D2 /* Release */,
			);
			defaultConfigurationIsVisible = 0;
			defaultConfigurationName = Release;
		};
		D58C12DC2504E36600B866D2 /* Build configuration list for PBXNativeTarget "MentorBook200906" */ = {
			isa = XCConfigurationList;
			buildConfigurations = (
				D58C12DD2504E36600B866D2 /* Debug */,
				D58C12DE2504E36600B866D2 /* Release */,
			);
			defaultConfigurationIsVisible = 0;
			defaultConfigurationName = Release;
		};
		D58C12DF2504E36600B866D2 /* Build configuration list for PBXNativeTarget "MentorBook200906Tests" */ = {
			isa = XCConfigurationList;
			buildConfigurations = (
				D58C12E02504E36600B866D2 /* Debug */,
				D58C12E12504E36600B866D2 /* Release */,
			);
			defaultConfigurationIsVisible = 0;
			defaultConfigurationName = Release;
		};
		D58C12E22504E36600B866D2 /* Build configuration list for PBXNativeTarget "MentorBook200906UITests" */ = {
			isa = XCConfigurationList;
			buildConfigurations = (
				D58C12E32504E36600B866D2 /* Debug */,
				D58C12E42504E36600B866D2 /* Release */,
			);
			defaultConfigurationIsVisible = 0;
			defaultConfigurationName = Release;
		};
/* End XCConfigurationList section */
	};
	rootObject = D58C12AA2504E36300B866D2 /* Project object */;
}
